
Microsoft Visual Studio Solution File, Format Version 12.00
# Visual Studio Version 16
VisualStudioVersion = 16.0.31402.337
MinimumVisualStudioVersion = 10.0.40219.1
Project("{FAE04EC0-301F-11D3-BF4B-00C04F79EFBC}") = "LAB1_JS", "LAB1_JS\LAB1_JS.csproj", "{89019154-DD7C-4381-8CE1-F9A6E0ECC39D}"
EndProject
Global
	GlobalSection(SolutionConfigurationPlatforms) = preSolution
		Debug|Any CPU = Debug|Any CPU
		Release|Any CPU = Release|Any CPU
	EndGlobalSection
	GlobalSection(ProjectConfigurationPlatforms) = postSolution
		{89019154-DD7C-4381-8CE1-F9A6E0ECC39D}.Debug|Any CPU.ActiveCfg = Debug|Any CPU
		{89019154-DD7C-4381-8CE1-F9A6E0ECC39D}.Debug|Any CPU.Build.0 = Debug|Any CPU
		{89019154-DD7C-4381-8CE1-F9A6E0ECC39D}.Release|Any CPU.ActiveCfg = Release|Any CPU
		{89019154-DD7C-4381-8CE1-F9A6E0ECC39D}.Release|Any CPU.Build.0 = Release|Any CPU
	EndGlobalSection
	GlobalSection(SolutionProperties) = preSolution
		HideSolutionNode = FALSE
	EndGlobalSection
	GlobalSection(ExtensibilityGlobals) = postSolution
		SolutionGuid = {F3A90126-E33D-443A-B101-4F612A93F5F1}
	EndGlobalSection
EndGlobal
